
Microsoft Visual Studio Solution File, Format Version 10.00
# Visual Studio 2008
Project("{FAE04EC0-301F-11D3-BF4B-00C04F79EFBC}") = "MyContact", "MyContact\MyContact.csproj", "{B50A561B-10D9-4D8F-9D5B-F63663607DD9}"
EndProject
Global
	GlobalSection(SolutionConfigurationPlatforms) = preSolution
		Debug|Any CPU = Debug|Any CPU
		Release|Any CPU = Release|Any CPU
	EndGlobalSection
	GlobalSection(ProjectConfigurationPlatforms) = postSolution
		{B50A561B-10D9-4D8F-9D5B-F63663607DD9}.Debug|Any CPU.ActiveCfg = Debug|Any CPU
		{B50A561B-10D9-4D8F-9D5B-F63663607DD9}.Debug|Any CPU.Build.0 = Debug|Any CPU
		{B50A561B-10D9-4D8F-9D5B-F63663607DD9}.Release|Any CPU.ActiveCfg = Release|Any CPU
		{B50A561B-10D9-4D8F-9D5B-F63663607DD9}.Release|Any CPU.Build.0 = Release|Any CPU
	EndGlobalSection
	GlobalSection(SolutionProperties) = preSolution
		HideSolutionNode = FALSE
	EndGlobalSection
EndGlobal
